{
  "originHash" : "42b579503412e03147fb2f432ac86537ddbf6f7b3f2a51c1ffdfd46748e5b9e2",
  "pins" : [
    {
      "identity" : "swift-collections",
      "kind" : "remoteSourceControl",
      "location" : "https://github.com/apple/swift-collections.git",
      "state" : {
        "revision" : "fea17c02d767f46b23070fdfdacc28a03a39232a",
        "version" : "1.5.1"
      }
    }
  ],
  "version" : 3
}
